
Microsoft Visual Studio Solution File, Format Version 12.00
# Visual Studio 15
VisualStudioVersion = 15.0.28307.539
MinimumVisualStudioVersion = 10.0.40219.1
Project("{FAE04EC0-301F-11D3-BF4B-00C04F79EFBC}") = "Calclator", "Calclator\Calclator.csproj", "{CDD36880-928F-4B56-8FE8-1FC41C598E2D}"
EndProject
Global
	GlobalSection(SolutionConfigurationPlatforms) = preSolution
		Debug|Any CPU = Debug|Any CPU
		Release|Any CPU = Release|Any CPU
	EndGlobalSection
	GlobalSection(ProjectConfigurationPlatforms) = postSolution
		{CDD36880-928F-4B56-8FE8-1FC41C598E2D}.Debug|Any CPU.ActiveCfg = Debug|Any CPU
		{CDD36880-928F-4B56-8FE8-1FC41C598E2D}.Debug|Any CPU.Build.0 = Debug|Any CPU
		{CDD36880-928F-4B56-8FE8-1FC41C598E2D}.Release|Any CPU.ActiveCfg = Release|Any CPU
		{CDD36880-928F-4B56-8FE8-1FC41C598E2D}.Release|Any CPU.Build.0 = Release|Any CPU
	EndGlobalSection
	GlobalSection(SolutionProperties) = preSolution
		HideSolutionNode = FALSE
	EndGlobalSection
	GlobalSection(ExtensibilityGlobals) = postSolution
		SolutionGuid = {9B9A6A29-BF5A-4673-9227-1B0315FCB6B0}
	EndGlobalSection
EndGlobal
